
Microsoft Visual Studio Solution File, Format Version 12.00
# Visual Studio Version 17
VisualStudioVersion = 17.4.33213.308
MinimumVisualStudioVersion = 10.0.40219.1
Project("{9A19103F-16F7-4668-BE54-9A1E7A4F7556}") = "AyIşığıPansiyonKayıtUygulaması", "AyIşığıPansiyonKayıtUygulaması\AyIşığıPansiyonKayıtUygulaması.csproj", "{AA0F7EF7-7D42-417C-85D7-50F44CE4F41B}"
EndProject
Global
	GlobalSection(SolutionConfigurationPlatforms) = preSolution
		Debug|Any CPU = Debug|Any CPU
		Release|Any CPU = Release|Any CPU
	EndGlobalSection
	GlobalSection(ProjectConfigurationPlatforms) = postSolution
		{AA0F7EF7-7D42-417C-85D7-50F44CE4F41B}.Debug|Any CPU.ActiveCfg = Debug|Any CPU
		{AA0F7EF7-7D42-417C-85D7-50F44CE4F41B}.Debug|Any CPU.Build.0 = Debug|Any CPU
		{AA0F7EF7-7D42-417C-85D7-50F44CE4F41B}.Release|Any CPU.ActiveCfg = Release|Any CPU
		{AA0F7EF7-7D42-417C-85D7-50F44CE4F41B}.Release|Any CPU.Build.0 = Release|Any CPU
	EndGlobalSection
	GlobalSection(SolutionProperties) = preSolution
		HideSolutionNode = FALSE
	EndGlobalSection
	GlobalSection(ExtensibilityGlobals) = postSolution
		SolutionGuid = {D2A3A69C-1B22-4442-B8FB-246A9E9CEB0B}
	EndGlobalSection
EndGlobal
